
Microsoft Visual Studio Solution File, Format Version 12.00
# Visual Studio Version 17
VisualStudioVersion = 17.2.32630.192
MinimumVisualStudioVersion = 10.0.40219.1
Project("{FAE04EC0-301F-11D3-BF4B-00C04F79EFBC}") = "14.08.2022 Hw", "14.08.2022 Hw\14.08.2022 Hw.csproj", "{585452C0-AED8-43D1-A2E3-87B01807FCFE}"
EndProject
Global
	GlobalSection(SolutionConfigurationPlatforms) = preSolution
		Debug|Any CPU = Debug|Any CPU
		Release|Any CPU = Release|Any CPU
	EndGlobalSection
	GlobalSection(ProjectConfigurationPlatforms) = postSolution
		{585452C0-AED8-43D1-A2E3-87B01807FCFE}.Debug|Any CPU.ActiveCfg = Debug|Any CPU
		{585452C0-AED8-43D1-A2E3-87B01807FCFE}.Debug|Any CPU.Build.0 = Debug|Any CPU
		{585452C0-AED8-43D1-A2E3-87B01807FCFE}.Release|Any CPU.ActiveCfg = Release|Any CPU
		{585452C0-AED8-43D1-A2E3-87B01807FCFE}.Release|Any CPU.Build.0 = Release|Any CPU
	EndGlobalSection
	GlobalSection(SolutionProperties) = preSolution
		HideSolutionNode = FALSE
	EndGlobalSection
	GlobalSection(ExtensibilityGlobals) = postSolution
		SolutionGuid = {976860BB-51A2-4394-B1AD-27807AC12542}
	EndGlobalSection
EndGlobal
